# THIS IS AN AUTOGENERATED FILE. DO NOT EDIT THIS FILE DIRECTLY.
# yarn lockfile v1


"@openzeppelin/contracts@^4.4.2":
  version "4.4.2"
  resolved "https://registry.yarnpkg.com/@openzeppelin/contracts/-/contracts-4.4.2.tgz#4e889c9c66e736f7de189a53f8ba5b8d789425c2"
  integrity sha512-NyJV7sJgoGYqbtNUWgzzOGW4T6rR19FmX1IJgXGdapGPWsuMelGJn9h03nos0iqfforCbCB0iYIR0MtIuIFLLw==

"@uniswap/lib@1.1.1":
  version "1.1.1"
  resolved "https://registry.yarnpkg.com/@uniswap/lib/-/lib-1.1.1.tgz#0afd29601846c16e5d082866cbb24a9e0758e6bc"
  integrity sha512-2yK7sLpKIT91TiS5sewHtOa7YuM8IuBXVl4GZv2jZFys4D2sY7K5vZh6MqD25TPA95Od+0YzCVq6cTF2IKrOmg==

"@uniswap/v2-core@1.0.0":
  version "1.0.0"
  resolved "https://registry.yarnpkg.com/@uniswap/v2-core/-/v2-core-1.0.0.tgz#e0fab91a7d53e8cafb5326ae4ca18351116b0844"
  integrity sha512-BJiXrBGnN8mti7saW49MXwxDBRFiWemGetE58q8zgfnPPzQKq55ADltEILqOt6VFZ22kVeVKbF8gVd8aY3l7pA==

"@uniswap/v2-core@^1.0.1":
  version "1.0.1"
  resolved "https://registry.yarnpkg.com/@uniswap/v2-core/-/v2-core-1.0.1.tgz#af8f508bf183204779938969e2e54043e147d425"
  integrity sha512-MtybtkUPSyysqLY2U210NBDeCHX+ltHt3oADGdjqoThZaFRDKwM6k1Nb3F0A3hk5hwuQvytFWhrWHOEq6nVJ8Q==

"@uniswap/v2-periphery@^1.1.0-beta.0":
  version "1.1.0-beta.0"
  resolved "https://registry.yarnpkg.com/@uniswap/v2-periphery/-/v2-periphery-1.1.0-beta.0.tgz#20a4ccfca22f1a45402303aedb5717b6918ebe6d"
  integrity sha512-6dkwAMKza8nzqYiXEr2D86dgW3TTavUvCR0w2Tu33bAbM8Ah43LKAzH7oKKPRT5VJQaMi1jtkGs1E8JPor1n5g==
  dependencies:
    "@uniswap/lib" "1.1.1"
    "@uniswap/v2-core" "1.0.0"
